
Microsoft Visual Studio Solution File, Format Version 12.00
# Visual Studio Version 17
VisualStudioVersion = 17.11.35222.181
MinimumVisualStudioVersion = 10.0.40219.1
Project("{9A19103F-16F7-4668-BE54-9A1E7A4F7556}") = "NumericParser", "NumericParser\NumericParser.csproj", "{C3762A04-A62A-47C0-B266-7E8784F58245}"
EndProject
Project("{9A19103F-16F7-4668-BE54-9A1E7A4F7556}") = "NumericParserTests", "NumericParserTests\NumericParserTests.csproj", "{F4DBF3A5-32A2-42B6-94F8-0AD1797B2210}"
EndProject
Project("{9A19103F-16F7-4668-BE54-9A1E7A4F7556}") = "NumericParser.Benchmarks", "NumericParser.Benchmarks\NumericParser.Benchmarks.csproj", "{BC584333-55DB-4752-AFC9-07EB44EE23FC}"
EndProject
Project("{9A19103F-16F7-4668-BE54-9A1E7A4F7556}") = "NumericParser.Benchmarks.NetFramework481", "NumericParser.Benchmarks.NetFramework481\NumericParser.Benchmarks.NetFramework481.csproj", "{4ED221EC-24AE-4FA8-8C95-19A46DD7D090}"
EndProject
Project("{2150E333-8FDC-42A3-9474-1A3956D46DE8}") = "Solution Items", "Solution Items", "{7A6BD713-20C3-41B3-96E9-0FE4F48EDE48}"
	ProjectSection(SolutionItems) = preProject
		.editorconfig = .editorconfig
		.github\workflows\publish.yml = .github\workflows\publish.yml
	EndProjectSection
EndProject
Global
	GlobalSection(SolutionConfigurationPlatforms) = preSolution
		Debug|Any CPU = Debug|Any CPU
		Release|Any CPU = Release|Any CPU
	EndGlobalSection
	GlobalSection(ProjectConfigurationPlatforms) = postSolution
		{C3762A04-A62A-47C0-B266-7E8784F58245}.Debug|Any CPU.ActiveCfg = Debug|Any CPU
		{C3762A04-A62A-47C0-B266-7E8784F58245}.Debug|Any CPU.Build.0 = Debug|Any CPU
		{C3762A04-A62A-47C0-B266-7E8784F58245}.Release|Any CPU.ActiveCfg = Release|Any CPU
		{C3762A04-A62A-47C0-B266-7E8784F58245}.Release|Any CPU.Build.0 = Release|Any CPU
		{F4DBF3A5-32A2-42B6-94F8-0AD1797B2210}.Debug|Any CPU.ActiveCfg = Debug|Any CPU
		{F4DBF3A5-32A2-42B6-94F8-0AD1797B2210}.Debug|Any CPU.Build.0 = Debug|Any CPU
		{F4DBF3A5-32A2-42B6-94F8-0AD1797B2210}.Release|Any CPU.ActiveCfg = Release|Any CPU
		{F4DBF3A5-32A2-42B6-94F8-0AD1797B2210}.Release|Any CPU.Build.0 = Release|Any CPU
		{BC584333-55DB-4752-AFC9-07EB44EE23FC}.Debug|Any CPU.ActiveCfg = Debug|Any CPU
		{BC584333-55DB-4752-AFC9-07EB44EE23FC}.Debug|Any CPU.Build.0 = Debug|Any CPU
		{BC584333-55DB-4752-AFC9-07EB44EE23FC}.Release|Any CPU.ActiveCfg = Release|Any CPU
		{BC584333-55DB-4752-AFC9-07EB44EE23FC}.Release|Any CPU.Build.0 = Release|Any CPU
		{4ED221EC-24AE-4FA8-8C95-19A46DD7D090}.Debug|Any CPU.ActiveCfg = Debug|Any CPU
		{4ED221EC-24AE-4FA8-8C95-19A46DD7D090}.Debug|Any CPU.Build.0 = Debug|Any CPU
		{4ED221EC-24AE-4FA8-8C95-19A46DD7D090}.Release|Any CPU.ActiveCfg = Release|Any CPU
		{4ED221EC-24AE-4FA8-8C95-19A46DD7D090}.Release|Any CPU.Build.0 = Release|Any CPU
	EndGlobalSection
	GlobalSection(SolutionProperties) = preSolution
		HideSolutionNode = FALSE
	EndGlobalSection
	GlobalSection(ExtensibilityGlobals) = postSolution
		SolutionGuid = {4528E00A-B2AD-4A85-98DF-D8E94403424F}
	EndGlobalSection
EndGlobal
