
Microsoft Visual Studio Solution File, Format Version 12.00
# Visual Studio 14
VisualStudioVersion = 14.0.25420.1
MinimumVisualStudioVersion = 10.0.40219.1
Project("{FAE04EC0-301F-11D3-BF4B-00C04F79EFBC}") = "NumericParser", "NumericParser\NumericParser.csproj", "{8C38643C-0812-49FC-9E1C-066DF80928F5}"
EndProject
Project("{FAE04EC0-301F-11D3-BF4B-00C04F79EFBC}") = "NumericParserTests", "NumericParserTests\NumericParserTests.csproj", "{7244490E-3D89-4757-B7CF-2725D765DD26}"
EndProject
Global
	GlobalSection(SolutionConfigurationPlatforms) = preSolution
		Debug|Any CPU = Debug|Any CPU
		Release|Any CPU = Release|Any CPU
	EndGlobalSection
	GlobalSection(ProjectConfigurationPlatforms) = postSolution
		{8C38643C-0812-49FC-9E1C-066DF80928F5}.Debug|Any CPU.ActiveCfg = Debug|Any CPU
		{8C38643C-0812-49FC-9E1C-066DF80928F5}.Debug|Any CPU.Build.0 = Debug|Any CPU
		{8C38643C-0812-49FC-9E1C-066DF80928F5}.Release|Any CPU.ActiveCfg = Release|Any CPU
		{8C38643C-0812-49FC-9E1C-066DF80928F5}.Release|Any CPU.Build.0 = Release|Any CPU
		{7244490E-3D89-4757-B7CF-2725D765DD26}.Debug|Any CPU.ActiveCfg = Debug|Any CPU
		{7244490E-3D89-4757-B7CF-2725D765DD26}.Debug|Any CPU.Build.0 = Debug|Any CPU
		{7244490E-3D89-4757-B7CF-2725D765DD26}.Release|Any CPU.ActiveCfg = Release|Any CPU
		{7244490E-3D89-4757-B7CF-2725D765DD26}.Release|Any CPU.Build.0 = Release|Any CPU
	EndGlobalSection
	GlobalSection(SolutionProperties) = preSolution
		HideSolutionNode = FALSE
	EndGlobalSection
EndGlobal
